
Microsoft Visual Studio Solution File, Format Version 12.00
# Visual Studio Version 16
VisualStudioVersion = 16.0.31402.337
MinimumVisualStudioVersion = 10.0.40219.1
Project("{8BC9CEB8-8B4A-11D0-8D11-00A0C91BC942}") = "OOP 21.11.2021", "OOP 21.11.2021\OOP 21.11.2021.vcxproj", "{8628DD8A-03F1-49B4-9A5A-B68051494213}"
EndProject
Project("{8BC9CEB8-8B4A-11D0-8D11-00A0C91BC942}") = "Fraction", "Fraction\Fraction.vcxproj", "{BED17CC0-A279-4357-830C-FD53CCFAB5FF}"
EndProject
Project("{8BC9CEB8-8B4A-11D0-8D11-00A0C91BC942}") = "class_fraction", "class_fraction\class_fraction.vcxproj", "{177DA49A-E4FA-4CFF-85E0-495A1B35C9FB}"
EndProject
Project("{8BC9CEB8-8B4A-11D0-8D11-00A0C91BC942}") = "String", "String\String.vcxproj", "{7A2F8A35-9107-4D76-A118-93F4E725BB82}"
EndProject
Global
	GlobalSection(SolutionConfigurationPlatforms) = preSolution
		Debug|x64 = Debug|x64
		Debug|x86 = Debug|x86
		Release|x64 = Release|x64
		Release|x86 = Release|x86
	EndGlobalSection
	GlobalSection(ProjectConfigurationPlatforms) = postSolution
		{8628DD8A-03F1-49B4-9A5A-B68051494213}.Debug|x64.ActiveCfg = Debug|x64
		{8628DD8A-03F1-49B4-9A5A-B68051494213}.Debug|x64.Build.0 = Debug|x64
		{8628DD8A-03F1-49B4-9A5A-B68051494213}.Debug|x86.ActiveCfg = Debug|Win32
		{8628DD8A-03F1-49B4-9A5A-B68051494213}.Debug|x86.Build.0 = Debug|Win32
		{8628DD8A-03F1-49B4-9A5A-B68051494213}.Release|x64.ActiveCfg = Release|x64
		{8628DD8A-03F1-49B4-9A5A-B68051494213}.Release|x64.Build.0 = Release|x64
		{8628DD8A-03F1-49B4-9A5A-B68051494213}.Release|x86.ActiveCfg = Release|Win32
		{8628DD8A-03F1-49B4-9A5A-B68051494213}.Release|x86.Build.0 = Release|Win32
		{BED17CC0-A279-4357-830C-FD53CCFAB5FF}.Debug|x64.ActiveCfg = Debug|x64
		{BED17CC0-A279-4357-830C-FD53CCFAB5FF}.Debug|x64.Build.0 = Debug|x64
		{BED17CC0-A279-4357-830C-FD53CCFAB5FF}.Debug|x86.ActiveCfg = Debug|Win32
		{BED17CC0-A279-4357-830C-FD53CCFAB5FF}.Debug|x86.Build.0 = Debug|Win32
		{BED17CC0-A279-4357-830C-FD53CCFAB5FF}.Release|x64.ActiveCfg = Release|x64
		{BED17CC0-A279-4357-830C-FD53CCFAB5FF}.Release|x64.Build.0 = Release|x64
		{BED17CC0-A279-4357-830C-FD53CCFAB5FF}.Release|x86.ActiveCfg = Release|Win32
		{BED17CC0-A279-4357-830C-FD53CCFAB5FF}.Release|x86.Build.0 = Release|Win32
		{177DA49A-E4FA-4CFF-85E0-495A1B35C9FB}.Debug|x64.ActiveCfg = Debug|x64
		{177DA49A-E4FA-4CFF-85E0-495A1B35C9FB}.Debug|x64.Build.0 = Debug|x64
		{177DA49A-E4FA-4CFF-85E0-495A1B35C9FB}.Debug|x86.ActiveCfg = Debug|Win32
		{177DA49A-E4FA-4CFF-85E0-495A1B35C9FB}.Debug|x86.Build.0 = Debug|Win32
		{177DA49A-E4FA-4CFF-85E0-495A1B35C9FB}.Release|x64.ActiveCfg = Release|x64
		{177DA49A-E4FA-4CFF-85E0-495A1B35C9FB}.Release|x64.Build.0 = Release|x64
		{177DA49A-E4FA-4CFF-85E0-495A1B35C9FB}.Release|x86.ActiveCfg = Release|Win32
		{177DA49A-E4FA-4CFF-85E0-495A1B35C9FB}.Release|x86.Build.0 = Release|Win32
		{7A2F8A35-9107-4D76-A118-93F4E725BB82}.Debug|x64.ActiveCfg = Debug|x64
		{7A2F8A35-9107-4D76-A118-93F4E725BB82}.Debug|x64.Build.0 = Debug|x64
		{7A2F8A35-9107-4D76-A118-93F4E725BB82}.Debug|x86.ActiveCfg = Debug|Win32
		{7A2F8A35-9107-4D76-A118-93F4E725BB82}.Debug|x86.Build.0 = Debug|Win32
		{7A2F8A35-9107-4D76-A118-93F4E725BB82}.Release|x64.ActiveCfg = Release|x64
		{7A2F8A35-9107-4D76-A118-93F4E725BB82}.Release|x64.Build.0 = Release|x64
		{7A2F8A35-9107-4D76-A118-93F4E725BB82}.Release|x86.ActiveCfg = Release|Win32
		{7A2F8A35-9107-4D76-A118-93F4E725BB82}.Release|x86.Build.0 = Release|Win32
	EndGlobalSection
	GlobalSection(SolutionProperties) = preSolution
		HideSolutionNode = FALSE
	EndGlobalSection
	GlobalSection(ExtensibilityGlobals) = postSolution
		SolutionGuid = {E01B633F-8125-442B-B1A8-95C794E98E82}
	EndGlobalSection
EndGlobal
